
Microsoft Visual Studio Solution File, Format Version 12.00
# Visual Studio 15
VisualStudioVersion = 15.0.27004.2006
MinimumVisualStudioVersion = 10.0.40219.1
Project("{9A19103F-16F7-4668-BE54-9A1E7A4F7556}") = "OEEWebAPI", "OEEWebAPI.csproj", "{66C0CA8B-7C2F-4FA8-A3B9-E40F359A16B5}"
EndProject
Global
	GlobalSection(SolutionConfigurationPlatforms) = preSolution
		Debug|Any CPU = Debug|Any CPU
		Release|Any CPU = Release|Any CPU
	EndGlobalSection
	GlobalSection(ProjectConfigurationPlatforms) = postSolution
		{66C0CA8B-7C2F-4FA8-A3B9-E40F359A16B5}.Debug|Any CPU.ActiveCfg = Debug|Any CPU
		{66C0CA8B-7C2F-4FA8-A3B9-E40F359A16B5}.Debug|Any CPU.Build.0 = Debug|Any CPU
		{66C0CA8B-7C2F-4FA8-A3B9-E40F359A16B5}.Release|Any CPU.ActiveCfg = Release|Any CPU
		{66C0CA8B-7C2F-4FA8-A3B9-E40F359A16B5}.Release|Any CPU.Build.0 = Release|Any CPU
	EndGlobalSection
	GlobalSection(SolutionProperties) = preSolution
		HideSolutionNode = FALSE
	EndGlobalSection
	GlobalSection(ExtensibilityGlobals) = postSolution
		SolutionGuid = {1AE6810B-B647-475F-A8EF-3EB0EFCBFE03}
	EndGlobalSection
EndGlobal
